// !$*UTF8*$!
{
	archiveVersion = 1;
	classes = {
	};
	objectVersion = 50;
	objects = {

/* Begin PBXBuildFile section */
		836DEC772392D34800C1F2EF /* AppDelegate.swift in Sources */ = {isa = PBXBuildFile; fileRef = 836DEC762392D34800C1F2EF /* AppDelegate.swift */; };
		836DEC792392D34800C1F2EF /* SceneDelegate.swift in Sources */ = {isa = PBXBuildFile; fileRef = 836DEC782392D34800C1F2EF /* SceneDelegate.swift */; };
		836DEC7B2392D34800C1F2EF /* ViewController.swift in Sources */ = {isa = PBXBuildFile; fileRef = 836DEC7A2392D34800C1F2EF /* ViewController.swift */; };
		836DEC7E2392D34800C1F2EF /* Main.storyboard in Resources */ = {isa = PBXBuildFile; fileRef = 836DEC7C2392D34800C1F2EF /* Main.storyboard */; };
		836DEC802392D34900C1F2EF /* Assets.xcassets in Resources */ = {isa = PBXBuildFile; fileRef = 836DEC7F2392D34900C1F2EF /* Assets.xcassets */; };
		836DEC832392D34900C1F2EF /* LaunchScreen.storyboard in Resources */ = {isa = PBXBuildFile; fileRef = 836DEC812392D34900C1F2EF /* LaunchScreen.storyboard */; };
/* End PBXBuildFile section */

/* Begin PBXFileReference section */
		836DEC732392D34800C1F2EF /* graphic-autoassiociator.app */ = {isa = PBXFileReference; explicitFileType = wrapper.application; includeInIndex = 0; path = "graphic-autoassiociator.app"; sourceTree = BUILT_PRODUCTS_DIR; };
		836DEC762392D34800C1F2EF /* AppDelegate.swift */ = {isa = PBXFileReference; lastKnownFileType = sourcecode.swift; path = AppDelegate.swift; sourceTree = "<group>"; };
		836DEC782392D34800C1F2EF /* SceneDelegate.swift */ = {isa = PBXFileReference; lastKnownFileType = sourcecode.swift; path = SceneDelegate.swift; sourceTree = "<group>"; };
		836DEC7A2392D34800C1F2EF /* ViewController.swift */ = {isa = PBXFileReference; lastKnownFileType = sourcecode.swift; path = ViewController.swift; sourceTree = "<group>"; };
		836DEC7D2392D34800C1F2EF /* Base */ = {isa = PBXFileReference; lastKnownFileType = file.storyboard; name = Base; path = Base.lproj/Main.storyboard; sourceTree = "<group>"; };
		836DEC7F2392D34900C1F2EF /* Assets.xcassets */ = {isa = PBXFileReference; lastKnownFileType = folder.assetcatalog; path = Assets.xcassets; sourceTree = "<group>"; };
		836DEC822392D34900C1F2EF /* Base */ = {isa = PBXFileReference; lastKnownFileType = file.storyboard; name = Base; path = Base.lproj/LaunchScreen.storyboard; sourceTree = "<group>"; };
		836DEC842392D34900C1F2EF /* Info.plist */ = {isa = PBXFileReference; lastKnownFileType = text.plist.xml; path = Info.plist; sourceTree = "<group>"; };
/* End PBXFileReference section */

/* Begin PBXFrameworksBuildPhase section */
		836DEC702392D34700C1F2EF /* Frameworks */ = {
			isa = PBXFrameworksBuildPhase;
			buildActionMask = 2147483647;
			files = (
			);
			runOnlyForDeploymentPostprocessing = 0;
		};
/* End PBXFrameworksBuildPhase section */

/* Begin PBXGroup section */
		836DEC6A2392D34700C1F2EF = {
			isa = PBXGroup;
			children = (
				836DEC752392D34800C1F2EF /* graphic-autoassiociator */,
				836DEC742392D34800C1F2EF /* Products */,
			);
			sourceTree = "<group>";
		};
		836DEC742392D34800C1F2EF /* Products */ = {
			isa = PBXGroup;
			children = (
				836DEC732392D34800C1F2EF /* graphic-autoassiociator.app */,
			);
			name = Products;
			sourceTree = "<group>";
		};
		836DEC752392D34800C1F2EF /* graphic-autoassiociator */ = {
			isa = PBXGroup;
			children = (
				836DEC762392D34800C1F2EF /* AppDelegate.swift */,
				836DEC782392D34800C1F2EF /* SceneDelegate.swift */,
				836DEC7A2392D34800C1F2EF /* ViewController.swift */,
				836DEC7C2392D34800C1F2EF /* Main.storyboard */,
				836DEC7F2392D34900C1F2EF /* Assets.xcassets */,
				836DEC812392D34900C1F2EF /* LaunchScreen.storyboard */,
				836DEC842392D34900C1F2EF /* Info.plist */,
			);
			path = "graphic-autoassiociator";
			sourceTree = "<group>";
		};
/* End PBXGroup section */

/* Begin PBXNativeTarget section */
		836DEC722392D34700C1F2EF /* graphic-autoassiociator */ = {
			isa = PBXNativeTarget;
			buildConfigurationList = 836DEC872392D34900C1F2EF /* Build configuration list for PBXNativeTarget "graphic-autoassiociator" */;
			buildPhases = (
				836DEC6F2392D34700C1F2EF /* Sources */,
				836DEC702392D34700C1F2EF /* Frameworks */,
				836DEC712392D34700C1F2EF /* Resources */,
			);
			buildRules = (
			);
			dependencies = (
			);
			name = "graphic-autoassiociator";
			productName = "graphic-autoassiociator";
			productReference = 836DEC732392D34800C1F2EF /* graphic-autoassiociator.app */;
			productType = "com.apple.product-type.application";
		};
/* End PBXNativeTarget section */

/* Begin PBXProject section */
		836DEC6B2392D34700C1F2EF /* Project object */ = {
			isa = PBXProject;
			attributes = {
				LastSwiftUpdateCheck = 1120;
				LastUpgradeCheck = 1120;
				ORGANIZATIONNAME = "Martin Nasierowski";
				TargetAttributes = {
					836DEC722392D34700C1F2EF = {
						CreatedOnToolsVersion = 11.2;
					};
				};
			};
			buildConfigurationList = 836DEC6E2392D34700C1F2EF /* Build configuration list for PBXProject "graphic-autoassiociator" */;
			compatibilityVersion = "Xcode 9.3";
			developmentRegion = en;
			hasScannedForEncodings = 0;
			knownRegions = (
				en,
				Base,
			);
			mainGroup = 836DEC6A2392D34700C1F2EF;
			productRefGroup = 836DEC742392D34800C1F2EF /* Products */;
			projectDirPath = "";
			projectRoot = "";
			targets = (
				836DEC722392D34700C1F2EF /* graphic-autoassiociator */,
			);
		};
/* End PBXProject section */

/* Begin PBXResourcesBuildPhase section */
		836DEC712392D34700C1F2EF /* Resources */ = {
			isa = PBXResourcesBuildPhase;
			buildActionMask = 2147483647;
			files = (
				836DEC832392D34900C1F2EF /* LaunchScreen.storyboard in Resources */,
				836DEC802392D34900C1F2EF /* Assets.xcassets in Resources */,
				836DEC7E2392D34800C1F2EF /* Main.storyboard in Resources */,
			);
			runOnlyForDeploymentPostprocessing = 0;
		};
/* End PBXResourcesBuildPhase section */

/* Begin PBXSourcesBuildPhase section */
		836DEC6F2392D34700C1F2EF /* Sources */ = {
			isa = PBXSourcesBuildPhase;
			buildActionMask = 2147483647;
			files = (
				836DEC7B2392D34800C1F2EF /* ViewController.swift in Sources */,
				836DEC772392D34800C1F2EF /* AppDelegate.swift in Sources */,
				836DEC792392D34800C1F2EF /* SceneDelegate.swift in Sources */,
			);
			runOnlyForDeploymentPostprocessing = 0;
		};
/* End PBXSourcesBuildPhase section */

/* Begin PBXVariantGroup section */
		836DEC7C2392D34800C1F2EF /* Main.storyboard */ = {
			isa = PBXVariantGroup;
			children = (
				836DEC7D2392D34800C1F2EF /* Base */,
			);
			name = Main.storyboard;
			sourceTree = "<group>";
		};
		836DEC812392D34900C1F2EF /* LaunchScreen.storyboard */ = {
			isa = PBXVariantGroup;
			children = (
				836DEC822392D34900C1F2EF /* Base */,
			);
			name = LaunchScreen.storyboard;
			sourceTree = "<group>";
		};
/* End PBXVariantGroup section */

/* Begin XCBuildConfiguration section */
		836DEC852392D34900C1F2EF /* Debug */ = {
			isa = XCBuildConfiguration;
			buildSettings = {
				ALWAYS_SEARCH_USER_PATHS = NO;
				CLANG_ANALYZER_NONNULL = YES;
				CLANG_ANALYZER_NUMBER_OBJECT_CONVERSION = YES_AGGRESSIVE;
				CLANG_CXX_LANGUAGE_STANDARD = "gnu++14";
				CLANG_CXX_LIBRARY = "libc++";
				CLANG_ENABLE_MODULES = YES;
				CLANG_ENABLE_OBJC_ARC = YES;
				CLANG_ENABLE_OBJC_WEAK = YES;
				CLANG_WARN_BLOCK_CAPTURE_AUTORELEASING = YES;
				CLANG_WARN_BOOL_CONVERSION = YES;
				CLANG_WARN_COMMA = YES;
				CLANG_WARN_CONSTANT_CONVERSION = YES;
				CLANG_WARN_DEPRECATED_OBJC_IMPLEMENTATIONS = YES;
				CLANG_WARN_DIRECT_OBJC_ISA_USAGE = YES_ERROR;
				CLANG_WARN_DOCUMENTATION_COMMENTS = YES;
				CLANG_WARN_EMPTY_BODY = YES;
				CLANG_WARN_ENUM_CONVERSION = YES;
				CLANG_WARN_INFINITE_RECURSION = YES;
				CLANG_WARN_INT_CONVERSION = YES;
				CLANG_WARN_NON_LITERAL_NULL_CONVERSION = YES;
				CLANG_WARN_OBJC_IMPLICIT_RETAIN_SELF = YES;
				CLANG_WARN_OBJC_LITERAL_CONVERSION = YES;
				CLANG_WARN_OBJC_ROOT_CLASS = YES_ERROR;
				CLANG_WARN_RANGE_LOOP_ANALYSIS = YES;
				CLANG_WARN_STRICT_PROTOTYPES = YES;
				CLANG_WARN_SUSPICIOUS_MOVE = YES;
				CLANG_WARN_UNGUARDED_AVAILABILITY = YES_AGGRESSIVE;
				CLANG_WARN_UNREACHABLE_CODE = YES;
				CLANG_WARN__DUPLICATE_METHOD_MATCH = YES;
				COPY_PHASE_STRIP = NO;
				DEBUG_INFORMATION_FORMAT = dwarf;
				ENABLE_STRICT_OBJC_MSGSEND = YES;
				ENABLE_TESTABILITY = YES;
				GCC_C_LANGUAGE_STANDARD = gnu11;
				GCC_DYNAMIC_NO_PIC = NO;
				GCC_NO_COMMON_BLOCKS = YES;
				GCC_OPTIMIZATION_LEVEL = 0;
				GCC_PREPROCESSOR_DEFINITIONS = (
					"DEBUG=1",
					"$(inherited)",
				);
				GCC_WARN_64_TO_32_BIT_CONVERSION = YES;
				GCC_WARN_ABOUT_RETURN_TYPE = YES_ERROR;
				GCC_WARN_UNDECLARED_SELECTOR = YES;
				GCC_WARN_UNINITIALIZED_AUTOS = YES_AGGRESSIVE;
				GCC_WARN_UNUSED_FUNCTION = YES;
				GCC_WARN_UNUSED_VARIABLE = YES;
				IPHONEOS_DEPLOYMENT_TARGET = 13.2;
				MTL_ENABLE_DEBUG_INFO = INCLUDE_SOURCE;
				MTL_FAST_MATH = YES;
				ONLY_ACTIVE_ARCH = YES;
				SDKROOT = iphoneos;
				SWIFT_ACTIVE_COMPILATION_CONDITIONS = DEBUG;
				SWIFT_OPTIMIZATION_LEVEL = "-Onone";
			};
			name = Debug;
		};
		836DEC862392D34900C1F2EF /* Release */ = {
			isa = XCBuildConfiguration;
			buildSettings = {
				ALWAYS_SEARCH_USER_PATHS = NO;
				CLANG_ANALYZER_NONNULL = YES;
				CLANG_ANALYZER_NUMBER_OBJECT_CONVERSION = YES_AGGRESSIVE;
				CLANG_CXX_LANGUAGE_STANDARD = "gnu++14";
				CLANG_CXX_LIBRARY = "libc++";
				CLANG_ENABLE_MODULES = YES;
				CLANG_ENABLE_OBJC_ARC = YES;
				CLANG_ENABLE_OBJC_WEAK = YES;
				CLANG_WARN_BLOCK_CAPTURE_AUTORELEASING = YES;
				CLANG_WARN_BOOL_CONVERSION = YES;
				CLANG_WARN_COMMA = YES;
				CLANG_WARN_CONSTANT_CONVERSION = YES;
				CLANG_WARN_DEPRECATED_OBJC_IMPLEMENTATIONS = YES;
				CLANG_WARN_DIRECT_OBJC_ISA_USAGE = YES_ERROR;
				CLANG_WARN_DOCUMENTATION_COMMENTS = YES;
				CLANG_WARN_EMPTY_BODY = YES;
				CLANG_WARN_ENUM_CONVERSION = YES;
				CLANG_WARN_INFINITE_RECURSION = YES;
				CLANG_WARN_INT_CONVERSION = YES;
				CLANG_WARN_NON_LITERAL_NULL_CONVERSION = YES;
				CLANG_WARN_OBJC_IMPLICIT_RETAIN_SELF = YES;
				CLANG_WARN_OBJC_LITERAL_CONVERSION = YES;
				CLANG_WARN_OBJC_ROOT_CLASS = YES_ERROR;
				CLANG_WARN_RANGE_LOOP_ANALYSIS = YES;
				CLANG_WARN_STRICT_PROTOTYPES = YES;
				CLANG_WARN_SUSPICIOUS_MOVE = YES;
				CLANG_WARN_UNGUARDED_AVAILABILITY = YES_AGGRESSIVE;
				CLANG_WARN_UNREACHABLE_CODE = YES;
				CLANG_WARN__DUPLICATE_METHOD_MATCH = YES;
				COPY_PHASE_STRIP = NO;
				DEBUG_INFORMATION_FORMAT = "dwarf-with-dsym";
				ENABLE_NS_ASSERTIONS = NO;
				ENABLE_STRICT_OBJC_MSGSEND = YES;
				GCC_C_LANGUAGE_STANDARD = gnu11;
				GCC_NO_COMMON_BLOCKS = YES;
				GCC_WARN_64_TO_32_BIT_CONVERSION = YES;
				GCC_WARN_ABOUT_RETURN_TYPE = YES_ERROR;
				GCC_WARN_UNDECLARED_SELECTOR = YES;
				GCC_WARN_UNINITIALIZED_AUTOS = YES_AGGRESSIVE;
				GCC_WARN_UNUSED_FUNCTION = YES;
				GCC_WARN_UNUSED_VARIABLE = YES;
				IPHONEOS_DEPLOYMENT_TARGET = 13.2;
				MTL_ENABLE_DEBUG_INFO = NO;
				MTL_FAST_MATH = YES;
				SDKROOT = iphoneos;
				SWIFT_COMPILATION_MODE = wholemodule;
				SWIFT_OPTIMIZATION_LEVEL = "-O";
				VALIDATE_PRODUCT = YES;
			};
			name = Release;
		};
		836DEC882392D34900C1F2EF /* Debug */ = {
			isa = XCBuildConfiguration;
			buildSettings = {
				ASSETCATALOG_COMPILER_APPICON_NAME = AppIcon;
				CODE_SIGN_STYLE = Automatic;
				DEVELOPMENT_TEAM = K4UL6WL48A;
				INFOPLIST_FILE = "graphic-autoassiociator/Info.plist";
				LD_RUNPATH_SEARCH_PATHS = (
					"$(inherited)",
					"@executable_path/Frameworks",
				);
				PRODUCT_BUNDLE_IDENTIFIER = "pl.imarin.graphic-autoassiociator";
				PRODUCT_NAME = "$(TARGET_NAME)";
				SWIFT_VERSION = 5.0;
				TARGETED_DEVICE_FAMILY = "1,2";
			};
			name = Debug;
		};
		836DEC892392D34900C1F2EF /* Release */ = {
			isa = XCBuildConfiguration;
			buildSettings = {
				ASSETCATALOG_COMPILER_APPICON_NAME = AppIcon;
				CODE_SIGN_STYLE = Automatic;
				DEVELOPMENT_TEAM = K4UL6WL48A;
				INFOPLIST_FILE = "graphic-autoassiociator/Info.plist";
				LD_RUNPATH_SEARCH_PATHS = (
					"$(inherited)",
					"@executable_path/Frameworks",
				);
				PRODUCT_BUNDLE_IDENTIFIER = "pl.imarin.graphic-autoassiociator";
				PRODUCT_NAME = "$(TARGET_NAME)";
				SWIFT_VERSION = 5.0;
				TARGETED_DEVICE_FAMILY = "1,2";
			};
			name = Release;
		};
/* End XCBuildConfiguration section */

/* Begin XCConfigurationList section */
		836DEC6E2392D34700C1F2EF /* Build configuration list for PBXProject "graphic-autoassiociator" */ = {
			isa = XCConfigurationList;
			buildConfigurations = (
				836DEC852392D34900C1F2EF /* Debug */,
				836DEC862392D34900C1F2EF /* Release */,
			);
			defaultConfigurationIsVisible = 0;
			defaultConfigurationName = Release;
		};
		836DEC872392D34900C1F2EF /* Build configuration list for PBXNativeTarget "graphic-autoassiociator" */ = {
			isa = XCConfigurationList;
			buildConfigurations = (
				836DEC882392D34900C1F2EF /* Debug */,
				836DEC892392D34900C1F2EF /* Release */,
			);
			defaultConfigurationIsVisible = 0;
			defaultConfigurationName = Release;
		};
/* End XCConfigurationList section */
	};
	rootObject = 836DEC6B2392D34700C1F2EF /* Project object */;
}
